
Microsoft Visual Studio Solution File, Format Version 12.00
# Visual Studio Version 17
VisualStudioVersion = 17.6.33815.320
MinimumVisualStudioVersion = 10.0.40219.1
Project("{FAE04EC0-301F-11D3-BF4B-00C04F79EFBC}") = "sort_algorithm", "sort_algorithm\sort_algorithm.csproj", "{0AEAA772-BAD5-4F63-9F45-CF2F8F08C6B8}"
EndProject
Global
	GlobalSection(SolutionConfigurationPlatforms) = preSolution
		Debug|Any CPU = Debug|Any CPU
		Release|Any CPU = Release|Any CPU
	EndGlobalSection
	GlobalSection(ProjectConfigurationPlatforms) = postSolution
		{0AEAA772-BAD5-4F63-9F45-CF2F8F08C6B8}.Debug|Any CPU.ActiveCfg = Debug|Any CPU
		{0AEAA772-BAD5-4F63-9F45-CF2F8F08C6B8}.Debug|Any CPU.Build.0 = Debug|Any CPU
		{0AEAA772-BAD5-4F63-9F45-CF2F8F08C6B8}.Release|Any CPU.ActiveCfg = Release|Any CPU
		{0AEAA772-BAD5-4F63-9F45-CF2F8F08C6B8}.Release|Any CPU.Build.0 = Release|Any CPU
	EndGlobalSection
	GlobalSection(SolutionProperties) = preSolution
		HideSolutionNode = FALSE
	EndGlobalSection
	GlobalSection(ExtensibilityGlobals) = postSolution
		SolutionGuid = {1D86F63B-441A-4468-991F-ACA88E695011}
	EndGlobalSection
EndGlobal
